// !$*UTF8*$!
{
	archiveVersion = 1;
	classes = {
	};
	objectVersion = 56;
	objects = {

/* Begin PBXBuildFile section */
		75813300291AB10600E8DEF3 /* AppDelegate.swift in Sources */ = {isa = PBXBuildFile; fileRef = 758132FF291AB10600E8DEF3 /* AppDelegate.swift */; };
		75813302291AB10600E8DEF3 /* SceneDelegate.swift in Sources */ = {isa = PBXBuildFile; fileRef = 75813301291AB10600E8DEF3 /* SceneDelegate.swift */; };
		75813304291AB10600E8DEF3 /* ViewController.swift in Sources */ = {isa = PBXBuildFile; fileRef = 75813303291AB10600E8DEF3 /* ViewController.swift */; };
		75813307291AB10600E8DEF3 /* Main.storyboard in Resources */ = {isa = PBXBuildFile; fileRef = 75813305291AB10600E8DEF3 /* Main.storyboard */; };
		7581330A291AB10600E8DEF3 /* RxSwiftTest.xcdatamodeld in Sources */ = {isa = PBXBuildFile; fileRef = 75813308291AB10600E8DEF3 /* RxSwiftTest.xcdatamodeld */; };
		7581330C291AB10600E8DEF3 /* Assets.xcassets in Resources */ = {isa = PBXBuildFile; fileRef = 7581330B291AB10600E8DEF3 /* Assets.xcassets */; };
		7581330F291AB10600E8DEF3 /* LaunchScreen.storyboard in Resources */ = {isa = PBXBuildFile; fileRef = 7581330D291AB10600E8DEF3 /* LaunchScreen.storyboard */; };
		7581331A291AB10700E8DEF3 /* RxSwiftTestTests.swift in Sources */ = {isa = PBXBuildFile; fileRef = 75813319291AB10700E8DEF3 /* RxSwiftTestTests.swift */; };
		75813324291AB10700E8DEF3 /* RxSwiftTestUITests.swift in Sources */ = {isa = PBXBuildFile; fileRef = 75813323291AB10700E8DEF3 /* RxSwiftTestUITests.swift */; };
		75813326291AB10700E8DEF3 /* RxSwiftTestUITestsLaunchTests.swift in Sources */ = {isa = PBXBuildFile; fileRef = 75813325291AB10700E8DEF3 /* RxSwiftTestUITestsLaunchTests.swift */; };
/* End PBXBuildFile section */

/* Begin PBXContainerItemProxy section */
		75813316291AB10700E8DEF3 /* PBXContainerItemProxy */ = {
			isa = PBXContainerItemProxy;
			containerPortal = 758132F4291AB10600E8DEF3 /* Project object */;
			proxyType = 1;
			remoteGlobalIDString = 758132FB291AB10600E8DEF3;
			remoteInfo = RxSwiftTest;
		};
		75813320291AB10700E8DEF3 /* PBXContainerItemProxy */ = {
			isa = PBXContainerItemProxy;
			containerPortal = 758132F4291AB10600E8DEF3 /* Project object */;
			proxyType = 1;
			remoteGlobalIDString = 758132FB291AB10600E8DEF3;
			remoteInfo = RxSwiftTest;
		};
/* End PBXContainerItemProxy section */

/* Begin PBXFileReference section */
		758132FC291AB10600E8DEF3 /* RxSwiftTest.app */ = {isa = PBXFileReference; explicitFileType = wrapper.application; includeInIndex = 0; path = RxSwiftTest.app; sourceTree = BUILT_PRODUCTS_DIR; };
		758132FF291AB10600E8DEF3 /* AppDelegate.swift */ = {isa = PBXFileReference; lastKnownFileType = sourcecode.swift; path = AppDelegate.swift; sourceTree = "<group>"; };
		75813301291AB10600E8DEF3 /* SceneDelegate.swift */ = {isa = PBXFileReference; lastKnownFileType = sourcecode.swift; path = SceneDelegate.swift; sourceTree = "<group>"; };
		75813303291AB10600E8DEF3 /* ViewController.swift */ = {isa = PBXFileReference; lastKnownFileType = sourcecode.swift; path = ViewController.swift; sourceTree = "<group>"; };
		75813306291AB10600E8DEF3 /* Base */ = {isa = PBXFileReference; lastKnownFileType = file.storyboard; name = Base; path = Base.lproj/Main.storyboard; sourceTree = "<group>"; };
		75813309291AB10600E8DEF3 /* RxSwiftTest.xcdatamodel */ = {isa = PBXFileReference; lastKnownFileType = wrapper.xcdatamodel; path = RxSwiftTest.xcdatamodel; sourceTree = "<group>"; };
		7581330B291AB10600E8DEF3 /* Assets.xcassets */ = {isa = PBXFileReference; lastKnownFileType = folder.assetcatalog; path = Assets.xcassets; sourceTree = "<group>"; };
		7581330E291AB10600E8DEF3 /* Base */ = {isa = PBXFileReference; lastKnownFileType = file.storyboard; name = Base; path = Base.lproj/LaunchScreen.storyboard; sourceTree = "<group>"; };
		75813310291AB10600E8DEF3 /* Info.plist */ = {isa = PBXFileReference; lastKnownFileType = text.plist.xml; path = Info.plist; sourceTree = "<group>"; };
		75813315291AB10700E8DEF3 /* RxSwiftTestTests.xctest */ = {isa = PBXFileReference; explicitFileType = wrapper.cfbundle; includeInIndex = 0; path = RxSwiftTestTests.xctest; sourceTree = BUILT_PRODUCTS_DIR; };
		75813319291AB10700E8DEF3 /* RxSwiftTestTests.swift */ = {isa = PBXFileReference; lastKnownFileType = sourcecode.swift; path = RxSwiftTestTests.swift; sourceTree = "<group>"; };
		7581331F291AB10700E8DEF3 /* RxSwiftTestUITests.xctest */ = {isa = PBXFileReference; explicitFileType = wrapper.cfbundle; includeInIndex = 0; path = RxSwiftTestUITests.xctest; sourceTree = BUILT_PRODUCTS_DIR; };
		75813323291AB10700E8DEF3 /* RxSwiftTestUITests.swift */ = {isa = PBXFileReference; lastKnownFileType = sourcecode.swift; path = RxSwiftTestUITests.swift; sourceTree = "<group>"; };
		75813325291AB10700E8DEF3 /* RxSwiftTestUITestsLaunchTests.swift */ = {isa = PBXFileReference; lastKnownFileType = sourcecode.swift; path = RxSwiftTestUITestsLaunchTests.swift; sourceTree = "<group>"; };
/* End PBXFileReference section */

/* Begin PBXFrameworksBuildPhase section */
		758132F9291AB10600E8DEF3 /* Frameworks */ = {
			isa = PBXFrameworksBuildPhase;
			buildActionMask = 2147483647;
			files = (
			);
			runOnlyForDeploymentPostprocessing = 0;
		};
		75813312291AB10700E8DEF3 /* Frameworks */ = {
			isa = PBXFrameworksBuildPhase;
			buildActionMask = 2147483647;
			files = (
			);
			runOnlyForDeploymentPostprocessing = 0;
		};
		7581331C291AB10700E8DEF3 /* Frameworks */ = {
			isa = PBXFrameworksBuildPhase;
			buildActionMask = 2147483647;
			files = (
			);
			runOnlyForDeploymentPostprocessing = 0;
		};
/* End PBXFrameworksBuildPhase section */

/* Begin PBXGroup section */
		758132F3291AB10600E8DEF3 = {
			isa = PBXGroup;
			children = (
				758132FE291AB10600E8DEF3 /* RxSwiftTest */,
				75813318291AB10700E8DEF3 /* RxSwiftTestTests */,
				75813322291AB10700E8DEF3 /* RxSwiftTestUITests */,
				758132FD291AB10600E8DEF3 /* Products */,
			);
			sourceTree = "<group>";
		};
		758132FD291AB10600E8DEF3 /* Products */ = {
			isa = PBXGroup;
			children = (
				758132FC291AB10600E8DEF3 /* RxSwiftTest.app */,
				75813315291AB10700E8DEF3 /* RxSwiftTestTests.xctest */,
				7581331F291AB10700E8DEF3 /* RxSwiftTestUITests.xctest */,
			);
			name = Products;
			sourceTree = "<group>";
		};
		758132FE291AB10600E8DEF3 /* RxSwiftTest */ = {
			isa = PBXGroup;
			children = (
				758132FF291AB10600E8DEF3 /* AppDelegate.swift */,
				75813301291AB10600E8DEF3 /* SceneDelegate.swift */,
				75813303291AB10600E8DEF3 /* ViewController.swift */,
				75813305291AB10600E8DEF3 /* Main.storyboard */,
				7581330B291AB10600E8DEF3 /* Assets.xcassets */,
				7581330D291AB10600E8DEF3 /* LaunchScreen.storyboard */,
				75813310291AB10600E8DEF3 /* Info.plist */,
				75813308291AB10600E8DEF3 /* RxSwiftTest.xcdatamodeld */,
			);
			path = RxSwiftTest;
			sourceTree = "<group>";
		};
		75813318291AB10700E8DEF3 /* RxSwiftTestTests */ = {
			isa = PBXGroup;
			children = (
				75813319291AB10700E8DEF3 /* RxSwiftTestTests.swift */,
			);
			path = RxSwiftTestTests;
			sourceTree = "<group>";
		};
		75813322291AB10700E8DEF3 /* RxSwiftTestUITests */ = {
			isa = PBXGroup;
			children = (
				75813323291AB10700E8DEF3 /* RxSwiftTestUITests.swift */,
				75813325291AB10700E8DEF3 /* RxSwiftTestUITestsLaunchTests.swift */,
			);
			path = RxSwiftTestUITests;
			sourceTree = "<group>";
		};
/* End PBXGroup section */

/* Begin PBXNativeTarget section */
		758132FB291AB10600E8DEF3 /* RxSwiftTest */ = {
			isa = PBXNativeTarget;
			buildConfigurationList = 75813329291AB10700E8DEF3 /* Build configuration list for PBXNativeTarget "RxSwiftTest" */;
			buildPhases = (
				758132F8291AB10600E8DEF3 /* Sources */,
				758132F9291AB10600E8DEF3 /* Frameworks */,
				758132FA291AB10600E8DEF3 /* Resources */,
			);
			buildRules = (
			);
			dependencies = (
			);
			name = RxSwiftTest;
			productName = RxSwiftTest;
			productReference = 758132FC291AB10600E8DEF3 /* RxSwiftTest.app */;
			productType = "com.apple.product-type.application";
		};
		75813314291AB10700E8DEF3 /* RxSwiftTestTests */ = {
			isa = PBXNativeTarget;
			buildConfigurationList = 7581332C291AB10700E8DEF3 /* Build configuration list for PBXNativeTarget "RxSwiftTestTests" */;
			buildPhases = (
				75813311291AB10700E8DEF3 /* Sources */,
				75813312291AB10700E8DEF3 /* Frameworks */,
				75813313291AB10700E8DEF3 /* Resources */,
			);
			buildRules = (
			);
			dependencies = (
				75813317291AB10700E8DEF3 /* PBXTargetDependency */,
			);
			name = RxSwiftTestTests;
			productName = RxSwiftTestTests;
			productReference = 75813315291AB10700E8DEF3 /* RxSwiftTestTests.xctest */;
			productType = "com.apple.product-type.bundle.unit-test";
		};
		7581331E291AB10700E8DEF3 /* RxSwiftTestUITests */ = {
			isa = PBXNativeTarget;
			buildConfigurationList = 7581332F291AB10700E8DEF3 /* Build configuration list for PBXNativeTarget "RxSwiftTestUITests" */;
			buildPhases = (
				7581331B291AB10700E8DEF3 /* Sources */,
				7581331C291AB10700E8DEF3 /* Frameworks */,
				7581331D291AB10700E8DEF3 /* Resources */,
			);
			buildRules = (
			);
			dependencies = (
				75813321291AB10700E8DEF3 /* PBXTargetDependency */,
			);
			name = RxSwiftTestUITests;
			productName = RxSwiftTestUITests;
			productReference = 7581331F291AB10700E8DEF3 /* RxSwiftTestUITests.xctest */;
			productType = "com.apple.product-type.bundle.ui-testing";
		};
/* End PBXNativeTarget section */

/* Begin PBXProject section */
		758132F4291AB10600E8DEF3 /* Project object */ = {
			isa = PBXProject;
			attributes = {
				BuildIndependentTargetsInParallel = 1;
				LastSwiftUpdateCheck = 1410;
				LastUpgradeCheck = 1410;
				TargetAttributes = {
					758132FB291AB10600E8DEF3 = {
						CreatedOnToolsVersion = 14.1;
					};
					75813314291AB10700E8DEF3 = {
						CreatedOnToolsVersion = 14.1;
						TestTargetID = 758132FB291AB10600E8DEF3;
					};
					7581331E291AB10700E8DEF3 = {
						CreatedOnToolsVersion = 14.1;
						TestTargetID = 758132FB291AB10600E8DEF3;
					};
				};
			};
			buildConfigurationList = 758132F7291AB10600E8DEF3 /* Build configuration list for PBXProject "RxSwiftTest" */;
			compatibilityVersion = "Xcode 14.0";
			developmentRegion = en;
			hasScannedForEncodings = 0;
			knownRegions = (
				en,
				Base,
			);
			mainGroup = 758132F3291AB10600E8DEF3;
			productRefGroup = 758132FD291AB10600E8DEF3 /* Products */;
			projectDirPath = "";
			projectRoot = "";
			targets = (
				758132FB291AB10600E8DEF3 /* RxSwiftTest */,
				75813314291AB10700E8DEF3 /* RxSwiftTestTests */,
				7581331E291AB10700E8DEF3 /* RxSwiftTestUITests */,
			);
		};
/* End PBXProject section */

/* Begin PBXResourcesBuildPhase section */
		758132FA291AB10600E8DEF3 /* Resources */ = {
			isa = PBXResourcesBuildPhase;
			buildActionMask = 2147483647;
			files = (
				7581330F291AB10600E8DEF3 /* LaunchScreen.storyboard in Resources */,
				7581330C291AB10600E8DEF3 /* Assets.xcassets in Resources */,
				75813307291AB10600E8DEF3 /* Main.storyboard in Resources */,
			);
			runOnlyForDeploymentPostprocessing = 0;
		};
		75813313291AB10700E8DEF3 /* Resources */ = {
			isa = PBXResourcesBuildPhase;
			buildActionMask = 2147483647;
			files = (
			);
			runOnlyForDeploymentPostprocessing = 0;
		};
		7581331D291AB10700E8DEF3 /* Resources */ = {
			isa = PBXResourcesBuildPhase;
			buildActionMask = 2147483647;
			files = (
			);
			runOnlyForDeploymentPostprocessing = 0;
		};
/* End PBXResourcesBuildPhase section */

/* Begin PBXSourcesBuildPhase section */
		758132F8291AB10600E8DEF3 /* Sources */ = {
			isa = PBXSourcesBuildPhase;
			buildActionMask = 2147483647;
			files = (
				75813304291AB10600E8DEF3 /* ViewController.swift in Sources */,
				75813300291AB10600E8DEF3 /* AppDelegate.swift in Sources */,
				75813302291AB10600E8DEF3 /* SceneDelegate.swift in Sources */,
				7581330A291AB10600E8DEF3 /* RxSwiftTest.xcdatamodeld in Sources */,
			);
			runOnlyForDeploymentPostprocessing = 0;
		};
		75813311291AB10700E8DEF3 /* Sources */ = {
			isa = PBXSourcesBuildPhase;
			buildActionMask = 2147483647;
			files = (
				7581331A291AB10700E8DEF3 /* RxSwiftTestTests.swift in Sources */,
			);
			runOnlyForDeploymentPostprocessing = 0;
		};
		7581331B291AB10700E8DEF3 /* Sources */ = {
			isa = PBXSourcesBuildPhase;
			buildActionMask = 2147483647;
			files = (
				75813326291AB10700E8DEF3 /* RxSwiftTestUITestsLaunchTests.swift in Sources */,
				75813324291AB10700E8DEF3 /* RxSwiftTestUITests.swift in Sources */,
			);
			runOnlyForDeploymentPostprocessing = 0;
		};
/* End PBXSourcesBuildPhase section */

/* Begin PBXTargetDependency section */
		75813317291AB10700E8DEF3 /* PBXTargetDependency */ = {
			isa = PBXTargetDependency;
			target = 758132FB291AB10600E8DEF3 /* RxSwiftTest */;
			targetProxy = 75813316291AB10700E8DEF3 /* PBXContainerItemProxy */;
		};
		75813321291AB10700E8DEF3 /* PBXTargetDependency */ = {
			isa = PBXTargetDependency;
			target = 758132FB291AB10600E8DEF3 /* RxSwiftTest */;
			targetProxy = 75813320291AB10700E8DEF3 /* PBXContainerItemProxy */;
		};
/* End PBXTargetDependency section */

/* Begin PBXVariantGroup section */
		75813305291AB10600E8DEF3 /* Main.storyboard */ = {
			isa = PBXVariantGroup;
			children = (
				75813306291AB10600E8DEF3 /* Base */,
			);
			name = Main.storyboard;
			sourceTree = "<group>";
		};
		7581330D291AB10600E8DEF3 /* LaunchScreen.storyboard */ = {
			isa = PBXVariantGroup;
			children = (
				7581330E291AB10600E8DEF3 /* Base */,
			);
			name = LaunchScreen.storyboard;
			sourceTree = "<group>";
		};
/* End PBXVariantGroup section */

/* Begin XCBuildConfiguration section */
		75813327291AB10700E8DEF3 /* Debug */ = {
			isa = XCBuildConfiguration;
			buildSettings = {
				ALWAYS_SEARCH_USER_PATHS = NO;
				CLANG_ANALYZER_NONNULL = YES;
				CLANG_ANALYZER_NUMBER_OBJECT_CONVERSION = YES_AGGRESSIVE;
				CLANG_CXX_LANGUAGE_STANDARD = "gnu++20";
				CLANG_ENABLE_MODULES = YES;
				CLANG_ENABLE_OBJC_ARC = YES;
				CLANG_ENABLE_OBJC_WEAK = YES;
				CLANG_WARN_BLOCK_CAPTURE_AUTORELEASING = YES;
				CLANG_WARN_BOOL_CONVERSION = YES;
				CLANG_WARN_COMMA = YES;
				CLANG_WARN_CONSTANT_CONVERSION = YES;
				CLANG_WARN_DEPRECATED_OBJC_IMPLEMENTATIONS = YES;
				CLANG_WARN_DIRECT_OBJC_ISA_USAGE = YES_ERROR;
				CLANG_WARN_DOCUMENTATION_COMMENTS = YES;
				CLANG_WARN_EMPTY_BODY = YES;
				CLANG_WARN_ENUM_CONVERSION = YES;
				CLANG_WARN_INFINITE_RECURSION = YES;
				CLANG_WARN_INT_CONVERSION = YES;
				CLANG_WARN_NON_LITERAL_NULL_CONVERSION = YES;
				CLANG_WARN_OBJC_IMPLICIT_RETAIN_SELF = YES;
				CLANG_WARN_OBJC_LITERAL_CONVERSION = YES;
				CLANG_WARN_OBJC_ROOT_CLASS = YES_ERROR;
				CLANG_WARN_QUOTED_INCLUDE_IN_FRAMEWORK_HEADER = YES;
				CLANG_WARN_RANGE_LOOP_ANALYSIS = YES;
				CLANG_WARN_STRICT_PROTOTYPES = YES;
				CLANG_WARN_SUSPICIOUS_MOVE = YES;
				CLANG_WARN_UNGUARDED_AVAILABILITY = YES_AGGRESSIVE;
				CLANG_WARN_UNREACHABLE_CODE = YES;
				CLANG_WARN__DUPLICATE_METHOD_MATCH = YES;
				COPY_PHASE_STRIP = NO;
				DEBUG_INFORMATION_FORMAT = dwarf;
				ENABLE_STRICT_OBJC_MSGSEND = YES;
				ENABLE_TESTABILITY = YES;
				GCC_C_LANGUAGE_STANDARD = gnu11;
				GCC_DYNAMIC_NO_PIC = NO;
				GCC_NO_COMMON_BLOCKS = YES;
				GCC_OPTIMIZATION_LEVEL = 0;
				GCC_PREPROCESSOR_DEFINITIONS = (
					"DEBUG=1",
					"$(inherited)",
				);
				GCC_WARN_64_TO_32_BIT_CONVERSION = YES;
				GCC_WARN_ABOUT_RETURN_TYPE = YES_ERROR;
				GCC_WARN_UNDECLARED_SELECTOR = YES;
				GCC_WARN_UNINITIALIZED_AUTOS = YES_AGGRESSIVE;
				GCC_WARN_UNUSED_FUNCTION = YES;
				GCC_WARN_UNUSED_VARIABLE = YES;
				IPHONEOS_DEPLOYMENT_TARGET = 16.1;
				MTL_ENABLE_DEBUG_INFO = INCLUDE_SOURCE;
				MTL_FAST_MATH = YES;
				ONLY_ACTIVE_ARCH = YES;
				SDKROOT = iphoneos;
				SWIFT_ACTIVE_COMPILATION_CONDITIONS = DEBUG;
				SWIFT_OPTIMIZATION_LEVEL = "-Onone";
			};
			name = Debug;
		};
		75813328291AB10700E8DEF3 /* Release */ = {
			isa = XCBuildConfiguration;
			buildSettings = {
				ALWAYS_SEARCH_USER_PATHS = NO;
				CLANG_ANALYZER_NONNULL = YES;
				CLANG_ANALYZER_NUMBER_OBJECT_CONVERSION = YES_AGGRESSIVE;
				CLANG_CXX_LANGUAGE_STANDARD = "gnu++20";
				CLANG_ENABLE_MODULES = YES;
				CLANG_ENABLE_OBJC_ARC = YES;
				CLANG_ENABLE_OBJC_WEAK = YES;
				CLANG_WARN_BLOCK_CAPTURE_AUTORELEASING = YES;
				CLANG_WARN_BOOL_CONVERSION = YES;
				CLANG_WARN_COMMA = YES;
				CLANG_WARN_CONSTANT_CONVERSION = YES;
				CLANG_WARN_DEPRECATED_OBJC_IMPLEMENTATIONS = YES;
				CLANG_WARN_DIRECT_OBJC_ISA_USAGE = YES_ERROR;
				CLANG_WARN_DOCUMENTATION_COMMENTS = YES;
				CLANG_WARN_EMPTY_BODY = YES;
				CLANG_WARN_ENUM_CONVERSION = YES;
				CLANG_WARN_INFINITE_RECURSION = YES;
				CLANG_WARN_INT_CONVERSION = YES;
				CLANG_WARN_NON_LITERAL_NULL_CONVERSION = YES;
				CLANG_WARN_OBJC_IMPLICIT_RETAIN_SELF = YES;
				CLANG_WARN_OBJC_LITERAL_CONVERSION = YES;
				CLANG_WARN_OBJC_ROOT_CLASS = YES_ERROR;
				CLANG_WARN_QUOTED_INCLUDE_IN_FRAMEWORK_HEADER = YES;
				CLANG_WARN_RANGE_LOOP_ANALYSIS = YES;
				CLANG_WARN_STRICT_PROTOTYPES = YES;
				CLANG_WARN_SUSPICIOUS_MOVE = YES;
				CLANG_WARN_UNGUARDED_AVAILABILITY = YES_AGGRESSIVE;
				CLANG_WARN_UNREACHABLE_CODE = YES;
				CLANG_WARN__DUPLICATE_METHOD_MATCH = YES;
				COPY_PHASE_STRIP = NO;
				DEBUG_INFORMATION_FORMAT = "dwarf-with-dsym";
				ENABLE_NS_ASSERTIONS = NO;
				ENABLE_STRICT_OBJC_MSGSEND = YES;
				GCC_C_LANGUAGE_STANDARD = gnu11;
				GCC_NO_COMMON_BLOCKS = YES;
				GCC_WARN_64_TO_32_BIT_CONVERSION = YES;
				GCC_WARN_ABOUT_RETURN_TYPE = YES_ERROR;
				GCC_WARN_UNDECLARED_SELECTOR = YES;
				GCC_WARN_UNINITIALIZED_AUTOS = YES_AGGRESSIVE;
				GCC_WARN_UNUSED_FUNCTION = YES;
				GCC_WARN_UNUSED_VARIABLE = YES;
				IPHONEOS_DEPLOYMENT_TARGET = 16.1;
				MTL_ENABLE_DEBUG_INFO = NO;
				MTL_FAST_MATH = YES;
				SDKROOT = iphoneos;
				SWIFT_COMPILATION_MODE = wholemodule;
				SWIFT_OPTIMIZATION_LEVEL = "-O";
				VALIDATE_PRODUCT = YES;
			};
			name = Release;
		};
		7581332A291AB10700E8DEF3 /* Debug */ = {
			isa = XCBuildConfiguration;
			buildSettings = {
				ASSETCATALOG_COMPILER_APPICON_NAME = AppIcon;
				ASSETCATALOG_COMPILER_GLOBAL_ACCENT_COLOR_NAME = AccentColor;
				CODE_SIGN_STYLE = Automatic;
				CURRENT_PROJECT_VERSION = 1;
				DEVELOPMENT_TEAM = 83R5US8PK8;
				GENERATE_INFOPLIST_FILE = YES;
				INFOPLIST_FILE = RxSwiftTest/Info.plist;
				INFOPLIST_KEY_UIApplicationSupportsIndirectInputEvents = YES;
				INFOPLIST_KEY_UILaunchStoryboardName = LaunchScreen;
				INFOPLIST_KEY_UIMainStoryboardFile = Main;
				INFOPLIST_KEY_UISupportedInterfaceOrientations_iPad = "UIInterfaceOrientationPortrait UIInterfaceOrientationPortraitUpsideDown UIInterfaceOrientationLandscapeLeft UIInterfaceOrientationLandscapeRight";
				INFOPLIST_KEY_UISupportedInterfaceOrientations_iPhone = "UIInterfaceOrientationPortrait UIInterfaceOrientationLandscapeLeft UIInterfaceOrientationLandscapeRight";
				LD_RUNPATH_SEARCH_PATHS = (
					"$(inherited)",
					"@executable_path/Frameworks",
				);
				MARKETING_VERSION = 1.0;
				PRODUCT_BUNDLE_IDENTIFIER = kr.joonhwan.RxSwiftTest;
				PRODUCT_NAME = "$(TARGET_NAME)";
				SWIFT_EMIT_LOC_STRINGS = YES;
				SWIFT_VERSION = 5.0;
				TARGETED_DEVICE_FAMILY = "1,2";
			};
			name = Debug;
		};
		7581332B291AB10700E8DEF3 /* Release */ = {
			isa = XCBuildConfiguration;
			buildSettings = {
				ASSETCATALOG_COMPILER_APPICON_NAME = AppIcon;
				ASSETCATALOG_COMPILER_GLOBAL_ACCENT_COLOR_NAME = AccentColor;
				CODE_SIGN_STYLE = Automatic;
				CURRENT_PROJECT_VERSION = 1;
				DEVELOPMENT_TEAM = 83R5US8PK8;
				GENERATE_INFOPLIST_FILE = YES;
				INFOPLIST_FILE = RxSwiftTest/Info.plist;
				INFOPLIST_KEY_UIApplicationSupportsIndirectInputEvents = YES;
				INFOPLIST_KEY_UILaunchStoryboardName = LaunchScreen;
				INFOPLIST_KEY_UIMainStoryboardFile = Main;
				INFOPLIST_KEY_UISupportedInterfaceOrientations_iPad = "UIInterfaceOrientationPortrait UIInterfaceOrientationPortraitUpsideDown UIInterfaceOrientationLandscapeLeft UIInterfaceOrientationLandscapeRight";
				INFOPLIST_KEY_UISupportedInterfaceOrientations_iPhone = "UIInterfaceOrientationPortrait UIInterfaceOrientationLandscapeLeft UIInterfaceOrientationLandscapeRight";
				LD_RUNPATH_SEARCH_PATHS = (
					"$(inherited)",
					"@executable_path/Frameworks",
				);
				MARKETING_VERSION = 1.0;
				PRODUCT_BUNDLE_IDENTIFIER = kr.joonhwan.RxSwiftTest;
				PRODUCT_NAME = "$(TARGET_NAME)";
				SWIFT_EMIT_LOC_STRINGS = YES;
				SWIFT_VERSION = 5.0;
				TARGETED_DEVICE_FAMILY = "1,2";
			};
			name = Release;
		};
		7581332D291AB10700E8DEF3 /* Debug */ = {
			isa = XCBuildConfiguration;
			buildSettings = {
				ALWAYS_EMBED_SWIFT_STANDARD_LIBRARIES = YES;
				BUNDLE_LOADER = "$(TEST_HOST)";
				CODE_SIGN_STYLE = Automatic;
				CURRENT_PROJECT_VERSION = 1;
				DEVELOPMENT_TEAM = 83R5US8PK8;
				GENERATE_INFOPLIST_FILE = YES;
				IPHONEOS_DEPLOYMENT_TARGET = 16.1;
				MARKETING_VERSION = 1.0;
				PRODUCT_BUNDLE_IDENTIFIER = kr.joonhwan.RxSwiftTestTests;
				PRODUCT_NAME = "$(TARGET_NAME)";
				SWIFT_EMIT_LOC_STRINGS = NO;
				SWIFT_VERSION = 5.0;
				TARGETED_DEVICE_FAMILY = "1,2";
				TEST_HOST = "$(BUILT_PRODUCTS_DIR)/RxSwiftTest.app/$(BUNDLE_EXECUTABLE_FOLDER_PATH)/RxSwiftTest";
			};
			name = Debug;
		};
		7581332E291AB10700E8DEF3 /* Release */ = {
			isa = XCBuildConfiguration;
			buildSettings = {
				ALWAYS_EMBED_SWIFT_STANDARD_LIBRARIES = YES;
				BUNDLE_LOADER = "$(TEST_HOST)";
				CODE_SIGN_STYLE = Automatic;
				CURRENT_PROJECT_VERSION = 1;
				DEVELOPMENT_TEAM = 83R5US8PK8;
				GENERATE_INFOPLIST_FILE = YES;
				IPHONEOS_DEPLOYMENT_TARGET = 16.1;
				MARKETING_VERSION = 1.0;
				PRODUCT_BUNDLE_IDENTIFIER = kr.joonhwan.RxSwiftTestTests;
				PRODUCT_NAME = "$(TARGET_NAME)";
				SWIFT_EMIT_LOC_STRINGS = NO;
				SWIFT_VERSION = 5.0;
				TARGETED_DEVICE_FAMILY = "1,2";
				TEST_HOST = "$(BUILT_PRODUCTS_DIR)/RxSwiftTest.app/$(BUNDLE_EXECUTABLE_FOLDER_PATH)/RxSwiftTest";
			};
			name = Release;
		};
		75813330291AB10700E8DEF3 /* Debug */ = {
			isa = XCBuildConfiguration;
			buildSettings = {
				ALWAYS_EMBED_SWIFT_STANDARD_LIBRARIES = YES;
				CODE_SIGN_STYLE = Automatic;
				CURRENT_PROJECT_VERSION = 1;
				DEVELOPMENT_TEAM = 83R5US8PK8;
				GENERATE_INFOPLIST_FILE = YES;
				MARKETING_VERSION = 1.0;
				PRODUCT_BUNDLE_IDENTIFIER = kr.joonhwan.RxSwiftTestUITests;
				PRODUCT_NAME = "$(TARGET_NAME)";
				SWIFT_EMIT_LOC_STRINGS = NO;
				SWIFT_VERSION = 5.0;
				TARGETED_DEVICE_FAMILY = "1,2";
				TEST_TARGET_NAME = RxSwiftTest;
			};
			name = Debug;
		};
		75813331291AB10700E8DEF3 /* Release */ = {
			isa = XCBuildConfiguration;
			buildSettings = {
				ALWAYS_EMBED_SWIFT_STANDARD_LIBRARIES = YES;
				CODE_SIGN_STYLE = Automatic;
				CURRENT_PROJECT_VERSION = 1;
				DEVELOPMENT_TEAM = 83R5US8PK8;
				GENERATE_INFOPLIST_FILE = YES;
				MARKETING_VERSION = 1.0;
				PRODUCT_BUNDLE_IDENTIFIER = kr.joonhwan.RxSwiftTestUITests;
				PRODUCT_NAME = "$(TARGET_NAME)";
				SWIFT_EMIT_LOC_STRINGS = NO;
				SWIFT_VERSION = 5.0;
				TARGETED_DEVICE_FAMILY = "1,2";
				TEST_TARGET_NAME = RxSwiftTest;
			};
			name = Release;
		};
/* End XCBuildConfiguration section */

/* Begin XCConfigurationList section */
		758132F7291AB10600E8DEF3 /* Build configuration list for PBXProject "RxSwiftTest" */ = {
			isa = XCConfigurationList;
			buildConfigurations = (
				75813327291AB10700E8DEF3 /* Debug */,
				75813328291AB10700E8DEF3 /* Release */,
			);
			defaultConfigurationIsVisible = 0;
			defaultConfigurationName = Release;
		};
		75813329291AB10700E8DEF3 /* Build configuration list for PBXNativeTarget "RxSwiftTest" */ = {
			isa = XCConfigurationList;
			buildConfigurations = (
				7581332A291AB10700E8DEF3 /* Debug */,
				7581332B291AB10700E8DEF3 /* Release */,
			);
			defaultConfigurationIsVisible = 0;
			defaultConfigurationName = Release;
		};
		7581332C291AB10700E8DEF3 /* Build configuration list for PBXNativeTarget "RxSwiftTestTests" */ = {
			isa = XCConfigurationList;
			buildConfigurations = (
				7581332D291AB10700E8DEF3 /* Debug */,
				7581332E291AB10700E8DEF3 /* Release */,
			);
			defaultConfigurationIsVisible = 0;
			defaultConfigurationName = Release;
		};
		7581332F291AB10700E8DEF3 /* Build configuration list for PBXNativeTarget "RxSwiftTestUITests" */ = {
			isa = XCConfigurationList;
			buildConfigurations = (
				75813330291AB10700E8DEF3 /* Debug */,
				75813331291AB10700E8DEF3 /* Release */,
			);
			defaultConfigurationIsVisible = 0;
			defaultConfigurationName = Release;
		};
/* End XCConfigurationList section */

/* Begin XCVersionGroup section */
		75813308291AB10600E8DEF3 /* RxSwiftTest.xcdatamodeld */ = {
			isa = XCVersionGroup;
			children = (
				75813309291AB10600E8DEF3 /* RxSwiftTest.xcdatamodel */,
			);
			currentVersion = 75813309291AB10600E8DEF3 /* RxSwiftTest.xcdatamodel */;
			path = RxSwiftTest.xcdatamodeld;
			sourceTree = "<group>";
			versionGroupType = wrapper.xcdatamodel;
		};
/* End XCVersionGroup section */
	};
	rootObject = 758132F4291AB10600E8DEF3 /* Project object */;
}
